[[package]]
name = "fastapi"
version = "0.111.0"
description = "FastAPI framework, high performance, easy to learn, fast to code, ready for production"
category = "main"
optional = false
python-versions = ">=3.8"

[[package]]
name = "uvicorn"
version = "0.29.0"
description = "The lightning-fast ASGI server."
category = "main"
optional = false
python-versions = ">=3.8"

[package.extras]
standard = ["colorama", "httptools", "python-dotenv", "pyyaml", "uvloop", "watchfiles", "websockets"]

[[package]]
name = "pydantic"
version = "2.7.1"
description = "Data validation and settings management using Python type hints"
category = "main"
optional = false
python-versions = ">=3.8"

[package.extras]
email = ["email-validator"]

[[package]]
name = "neo4j"
version = "5.19.0"
description = "Neo4j Bolt driver for Python"
category = "main"
optional = false
python-versions = ">=3.7"

[[package]]
name = "minio"
version = "7.2.6"
description = "MinIO Python SDK for Amazon S3 Compatible Cloud Storage"
category = "main"
optional = false
python-versions = "*"

[[package]]
name = "python-jose"
version = "3.3.0"
description = "JOSE implementation in Python"
category = "main"
optional = false
python-versions = "*"

[package.extras]
cryptography = ["cryptography"]

[[package]]
name = "passlib"
version = "1.7.4"
description = "comprehensive password hashing framework supporting over 30 schemes"
category = "main"
optional = false
python-versions = "*"

[package.extras]
bcrypt = ["bcrypt"]

[[package]]
name = "python-dotenv"
version = "1.0.1"
description = "Read key-value pairs from a .env file and set them as environment variables"
category = "main"
optional = false
python-versions = ">=3.8"

[[package]]
name = "authlib"
version = "1.3.0"
description = "The ultimate Python library in building OAuth and OpenID Connect servers."
category = "main"
optional = false
python-versions = ">=3.8"

[[package]]
name = "pydantic-settings"
version = "2.2.1"
description = "Settings management using Pydantic"
category = "main"
optional = false
python-versions = ">=3.8"

[[package]]
name = "pillow"
version = "10.3.0"
description = "Python Imaging Library (Fork)"
category = "main"
optional = false
python-versions = ">=3.8"

[[package]]
name = "opencv-python-headless"
version = "4.9.0"
description = "Wrapper package for OpenCV python bindings."
category = "main"
optional = false
python-versions = ">=3.6"

[[package]]
name = "scipy"
version = "1.13.0"
description = "Fundamental algorithms for scientific computing in Python"
category = "main"
optional = false
python-versions = ">=3.9"

[[package]]
name = "numpy"
version = "1.26.4"
description = "Fundamental package for array computing in Python"
category = "main"
optional = false
python-versions = ">=3.9"

[[package]]
name = "pytest"
version = "8.2.0"
description = "pytest: simple powerful testing with Python"
category = "dev"
optional = false
python-versions = ">=3.8"

[[package]]
name = "httpx"
version = "0.27.0"
description = "The next generation HTTP client."
category = "dev"
optional = false
python-versions = ">=3.8"

[[package]]
name = "mypy"
version = "1.10.0"
description = "Optional static typing for Python"
category = "dev"
optional = false
python-versions = ">=3.8"

[[package]]
name = "ruff"
version = "0.4.4"
description = "An extremely fast Python linter and formatter, written in Rust."
category = "dev"
optional = false
python-versions = ">=3.7"

[metadata]
lock-version = "1.1"
python-versions = "^3.13"
content-hash = "a placeholder hash value for this lock file"